// !$*UTF8*$!
{
	archiveVersion = 1;
	classes = {
	};
	objectVersion = 46;
	objects = {

/* Begin PBXBuildFile section */
		11D6E93E7D3EAE1927E6887F /* Pods_RealTimeSearchingTests.framework in Frameworks */ = {isa = PBXBuildFile; fileRef = AAE269D15678F91B88F10C6D /* Pods_RealTimeSearchingTests.framework */; };
		6D54E3451E65092500552EEE /* UserInfoCell.m in Sources */ = {isa = PBXBuildFile; fileRef = 6D54E3431E65092500552EEE /* UserInfoCell.m */; };
		6D54E3461E65092500552EEE /* UserInfoCell.xib in Resources */ = {isa = PBXBuildFile; fileRef = 6D54E3441E65092500552EEE /* UserInfoCell.xib */; };
		6D54E3491E650D4000552EEE /* HTTPClient.m in Sources */ = {isa = PBXBuildFile; fileRef = 6D54E3481E650D4000552EEE /* HTTPClient.m */; };
		6D54E3581E6558C100552EEE /* ArtWorkThumb.m in Sources */ = {isa = PBXBuildFile; fileRef = 6D54E34C1E6558C100552EEE /* ArtWorkThumb.m */; };
		6D54E3591E6558C100552EEE /* Data.m in Sources */ = {isa = PBXBuildFile; fileRef = 6D54E34E1E6558C100552EEE /* Data.m */; };
		6D54E35A1E6558C100552EEE /* DataList.m in Sources */ = {isa = PBXBuildFile; fileRef = 6D54E3501E6558C100552EEE /* DataList.m */; };
		6D54E35B1E6558C100552EEE /* ResponseUser.m in Sources */ = {isa = PBXBuildFile; fileRef = 6D54E3531E6558C100552EEE /* ResponseUser.m */; };
		6D54E35C1E6558C100552EEE /* UserCountSummary.m in Sources */ = {isa = PBXBuildFile; fileRef = 6D54E3551E6558C100552EEE /* UserCountSummary.m */; };
		6D54E35D1E6558C100552EEE /* UserSearch.m in Sources */ = {isa = PBXBuildFile; fileRef = 6D54E3571E6558C100552EEE /* UserSearch.m */; };
		6D9E0F711E64231400064CCA /* main.m in Sources */ = {isa = PBXBuildFile; fileRef = 6D9E0F701E64231400064CCA /* main.m */; };
		6D9E0F741E64231400064CCA /* AppDelegate.m in Sources */ = {isa = PBXBuildFile; fileRef = 6D9E0F731E64231400064CCA /* AppDelegate.m */; };
		6D9E0F771E64231400064CCA /* ViewController.m in Sources */ = {isa = PBXBuildFile; fileRef = 6D9E0F761E64231400064CCA /* ViewController.m */; };
		6D9E0F7A1E64231400064CCA /* Main.storyboard in Resources */ = {isa = PBXBuildFile; fileRef = 6D9E0F781E64231400064CCA /* Main.storyboard */; };
		6D9E0F7C1E64231400064CCA /* Assets.xcassets in Resources */ = {isa = PBXBuildFile; fileRef = 6D9E0F7B1E64231400064CCA /* Assets.xcassets */; };
		6D9E0F7F1E64231400064CCA /* LaunchScreen.storyboard in Resources */ = {isa = PBXBuildFile; fileRef = 6D9E0F7D1E64231400064CCA /* LaunchScreen.storyboard */; };
		6D9E0F8A1E64231400064CCA /* RealTimeSearchingTests.m in Sources */ = {isa = PBXBuildFile; fileRef = 6D9E0F891E64231400064CCA /* RealTimeSearchingTests.m */; };
		DE1E6FDFC1F0E3BF3EF48C27 /* Pods_RealTimeSearching.framework in Frameworks */ = {isa = PBXBuildFile; fileRef = F6B64AC24D4FC4F11DC2B9D0 /* Pods_RealTimeSearching.framework */; };
/* End PBXBuildFile section */

/* Begin PBXContainerItemProxy section */
		6D9E0F861E64231400064CCA /* PBXContainerItemProxy */ = {
			isa = PBXContainerItemProxy;
			containerPortal = 6D9E0F641E64231400064CCA /* Project object */;
			proxyType = 1;
			remoteGlobalIDString = 6D9E0F6B1E64231400064CCA;
			remoteInfo = RealTimeSearching;
		};
/* End PBXContainerItemProxy section */

/* Begin PBXFileReference section */
		6B4506439022B9553F123F68 /* Pods-RealTimeSearching.release.xcconfig */ = {isa = PBXFileReference; includeInIndex = 1; lastKnownFileType = text.xcconfig; name = "Pods-RealTimeSearching.release.xcconfig"; path = "Pods/Target Support Files/Pods-RealTimeSearching/Pods-RealTimeSearching.release.xcconfig"; sourceTree = "<group>"; };
		6D54E3421E65092500552EEE /* UserInfoCell.h */ = {isa = PBXFileReference; fileEncoding = 4; lastKnownFileType = sourcecode.c.h; path = UserInfoCell.h; sourceTree = "<group>"; };
		6D54E3431E65092500552EEE /* UserInfoCell.m */ = {isa = PBXFileReference; fileEncoding = 4; lastKnownFileType = sourcecode.c.objc; path = UserInfoCell.m; sourceTree = "<group>"; };
		6D54E3441E65092500552EEE /* UserInfoCell.xib */ = {isa = PBXFileReference; fileEncoding = 4; lastKnownFileType = file.xib; path = UserInfoCell.xib; sourceTree = "<group>"; };
		6D54E3471E650D4000552EEE /* HTTPClient.h */ = {isa = PBXFileReference; fileEncoding = 4; lastKnownFileType = sourcecode.c.h; path = HTTPClient.h; sourceTree = "<group>"; };
		6D54E3481E650D4000552EEE /* HTTPClient.m */ = {isa = PBXFileReference; fileEncoding = 4; lastKnownFileType = sourcecode.c.objc; path = HTTPClient.m; sourceTree = "<group>"; };
		6D54E34B1E6558C100552EEE /* ArtWorkThumb.h */ = {isa = PBXFileReference; fileEncoding = 4; lastKnownFileType = sourcecode.c.h; path = ArtWorkThumb.h; sourceTree = "<group>"; };
		6D54E34C1E6558C100552EEE /* ArtWorkThumb.m */ = {isa = PBXFileReference; fileEncoding = 4; lastKnownFileType = sourcecode.c.objc; path = ArtWorkThumb.m; sourceTree = "<group>"; };
		6D54E34D1E6558C100552EEE /* Data.h */ = {isa = PBXFileReference; fileEncoding = 4; lastKnownFileType = sourcecode.c.h; path = Data.h; sourceTree = "<group>"; };
		6D54E34E1E6558C100552EEE /* Data.m */ = {isa = PBXFileReference; fileEncoding = 4; lastKnownFileType = sourcecode.c.objc; path = Data.m; sourceTree = "<group>"; };
		6D54E34F1E6558C100552EEE /* DataList.h */ = {isa = PBXFileReference; fileEncoding = 4; lastKnownFileType = sourcecode.c.h; path = DataList.h; sourceTree = "<group>"; };
		6D54E3501E6558C100552EEE /* DataList.m */ = {isa = PBXFileReference; fileEncoding = 4; lastKnownFileType = sourcecode.c.objc; path = DataList.m; sourceTree = "<group>"; };
		6D54E3511E6558C100552EEE /* DataModels.h */ = {isa = PBXFileReference; fileEncoding = 4; lastKnownFileType = sourcecode.c.h; path = DataModels.h; sourceTree = "<group>"; };
		6D54E3521E6558C100552EEE /* ResponseUser.h */ = {isa = PBXFileReference; fileEncoding = 4; lastKnownFileType = sourcecode.c.h; path = ResponseUser.h; sourceTree = "<group>"; };
		6D54E3531E6558C100552EEE /* ResponseUser.m */ = {isa = PBXFileReference; fileEncoding = 4; lastKnownFileType = sourcecode.c.objc; path = ResponseUser.m; sourceTree = "<group>"; };
		6D54E3541E6558C100552EEE /* UserCountSummary.h */ = {isa = PBXFileReference; fileEncoding = 4; lastKnownFileType = sourcecode.c.h; path = UserCountSummary.h; sourceTree = "<group>"; };
		6D54E3551E6558C100552EEE /* UserCountSummary.m */ = {isa = PBXFileReference; fileEncoding = 4; lastKnownFileType = sourcecode.c.objc; path = UserCountSummary.m; sourceTree = "<group>"; };
		6D54E3561E6558C100552EEE /* UserSearch.h */ = {isa = PBXFileReference; fileEncoding = 4; lastKnownFileType = sourcecode.c.h; path = UserSearch.h; sourceTree = "<group>"; };
		6D54E3571E6558C100552EEE /* UserSearch.m */ = {isa = PBXFileReference; fileEncoding = 4; lastKnownFileType = sourcecode.c.objc; path = UserSearch.m; sourceTree = "<group>"; };
		6D9E0F6C1E64231400064CCA /* RealTimeSearching.app */ = {isa = PBXFileReference; explicitFileType = wrapper.application; includeInIndex = 0; path = RealTimeSearching.app; sourceTree = BUILT_PRODUCTS_DIR; };
		6D9E0F701E64231400064CCA /* main.m */ = {isa = PBXFileReference; lastKnownFileType = sourcecode.c.objc; path = main.m; sourceTree = "<group>"; };
		6D9E0F721E64231400064CCA /* AppDelegate.h */ = {isa = PBXFileReference; lastKnownFileType = sourcecode.c.h; path = AppDelegate.h; sourceTree = "<group>"; };
		6D9E0F731E64231400064CCA /* AppDelegate.m */ = {isa = PBXFileReference; lastKnownFileType = sourcecode.c.objc; path = AppDelegate.m; sourceTree = "<group>"; };
		6D9E0F751E64231400064CCA /* ViewController.h */ = {isa = PBXFileReference; lastKnownFileType = sourcecode.c.h; path = ViewController.h; sourceTree = "<group>"; };
		6D9E0F761E64231400064CCA /* ViewController.m */ = {isa = PBXFileReference; lastKnownFileType = sourcecode.c.objc; path = ViewController.m; sourceTree = "<group>"; };
		6D9E0F791E64231400064CCA /* Base */ = {isa = PBXFileReference; lastKnownFileType = file.storyboard; name = Base; path = Base.lproj/Main.storyboard; sourceTree = "<group>"; };
		6D9E0F7B1E64231400064CCA /* Assets.xcassets */ = {isa = PBXFileReference; lastKnownFileType = folder.assetcatalog; path = Assets.xcassets; sourceTree = "<group>"; };
		6D9E0F7E1E64231400064CCA /* Base */ = {isa = PBXFileReference; lastKnownFileType = file.storyboard; name = Base; path = Base.lproj/LaunchScreen.storyboard; sourceTree = "<group>"; };
		6D9E0F801E64231400064CCA /* Info.plist */ = {isa = PBXFileReference; lastKnownFileType = text.plist.xml; path = Info.plist; sourceTree = "<group>"; };
		6D9E0F851E64231400064CCA /* RealTimeSearchingTests.xctest */ = {isa = PBXFileReference; explicitFileType = wrapper.cfbundle; includeInIndex = 0; path = RealTimeSearchingTests.xctest; sourceTree = BUILT_PRODUCTS_DIR; };
		6D9E0F891E64231400064CCA /* RealTimeSearchingTests.m */ = {isa = PBXFileReference; lastKnownFileType = sourcecode.c.objc; path = RealTimeSearchingTests.m; sourceTree = "<group>"; };
		6D9E0F8B1E64231400064CCA /* Info.plist */ = {isa = PBXFileReference; lastKnownFileType = text.plist.xml; path = Info.plist; sourceTree = "<group>"; };
		AAE269D15678F91B88F10C6D /* Pods_RealTimeSearchingTests.framework */ = {isa = PBXFileReference; explicitFileType = wrapper.framework; includeInIndex = 0; path = Pods_RealTimeSearchingTests.framework; sourceTree = BUILT_PRODUCTS_DIR; };
		DFA88E295E764C229C488F75 /* Pods-RealTimeSearching.debug.xcconfig */ = {isa = PBXFileReference; includeInIndex = 1; lastKnownFileType = text.xcconfig; name = "Pods-RealTimeSearching.debug.xcconfig"; path = "Pods/Target Support Files/Pods-RealTimeSearching/Pods-RealTimeSearching.debug.xcconfig"; sourceTree = "<group>"; };
		E317D110EF3D9C2C086BBA7D /* Pods-RealTimeSearchingTests.release.xcconfig */ = {isa = PBXFileReference; includeInIndex = 1; lastKnownFileType = text.xcconfig; name = "Pods-RealTimeSearchingTests.release.xcconfig"; path = "Pods/Target Support Files/Pods-RealTimeSearchingTests/Pods-RealTimeSearchingTests.release.xcconfig"; sourceTree = "<group>"; };
		F299E2A001F5B42F0E9B2413 /* Pods-RealTimeSearchingTests.debug.xcconfig */ = {isa = PBXFileReference; includeInIndex = 1; lastKnownFileType = text.xcconfig; name = "Pods-RealTimeSearchingTests.debug.xcconfig"; path = "Pods/Target Support Files/Pods-RealTimeSearchingTests/Pods-RealTimeSearchingTests.debug.xcconfig"; sourceTree = "<group>"; };
		F6B64AC24D4FC4F11DC2B9D0 /* Pods_RealTimeSearching.framework */ = {isa = PBXFileReference; explicitFileType = wrapper.framework; includeInIndex = 0; path = Pods_RealTimeSearching.framework; sourceTree = BUILT_PRODUCTS_DIR; };
/* End PBXFileReference section */

/* Begin PBXFrameworksBuildPhase section */
		6D9E0F691E64231400064CCA /* Frameworks */ = {
			isa = PBXFrameworksBuildPhase;
			buildActionMask = 2147483647;
			files = (
				DE1E6FDFC1F0E3BF3EF48C27 /* Pods_RealTimeSearching.framework in Frameworks */,
			);
			runOnlyForDeploymentPostprocessing = 0;
		};
		6D9E0F821E64231400064CCA /* Frameworks */ = {
			isa = PBXFrameworksBuildPhase;
			buildActionMask = 2147483647;
			files = (
				11D6E93E7D3EAE1927E6887F /* Pods_RealTimeSearchingTests.framework in Frameworks */,
			);
			runOnlyForDeploymentPostprocessing = 0;
		};
/* End PBXFrameworksBuildPhase section */

/* Begin PBXGroup section */
		6D54E34A1E6558A600552EEE /* Models */ = {
			isa = PBXGroup;
			children = (
				6D54E34B1E6558C100552EEE /* ArtWorkThumb.h */,
				6D54E34C1E6558C100552EEE /* ArtWorkThumb.m */,
				6D54E34D1E6558C100552EEE /* Data.h */,
				6D54E34E1E6558C100552EEE /* Data.m */,
				6D54E34F1E6558C100552EEE /* DataList.h */,
				6D54E3501E6558C100552EEE /* DataList.m */,
				6D54E3511E6558C100552EEE /* DataModels.h */,
				6D54E3521E6558C100552EEE /* ResponseUser.h */,
				6D54E3531E6558C100552EEE /* ResponseUser.m */,
				6D54E3541E6558C100552EEE /* UserCountSummary.h */,
				6D54E3551E6558C100552EEE /* UserCountSummary.m */,
				6D54E3561E6558C100552EEE /* UserSearch.h */,
				6D54E3571E6558C100552EEE /* UserSearch.m */,
			);
			name = Models;
			sourceTree = "<group>";
		};
		6D9E0F631E64231400064CCA = {
			isa = PBXGroup;
			children = (
				6D9E0F6E1E64231400064CCA /* RealTimeSearching */,
				6D9E0F881E64231400064CCA /* RealTimeSearchingTests */,
				6D9E0F6D1E64231400064CCA /* Products */,
				C9CEE8E1A0419B45A0D909BD /* Pods */,
				7FA0AD6500682002BB026306 /* Frameworks */,
			);
			sourceTree = "<group>";
		};
		6D9E0F6D1E64231400064CCA /* Products */ = {
			isa = PBXGroup;
			children = (
				6D9E0F6C1E64231400064CCA /* RealTimeSearching.app */,
				6D9E0F851E64231400064CCA /* RealTimeSearchingTests.xctest */,
			);
			name = Products;
			sourceTree = "<group>";
		};
		6D9E0F6E1E64231400064CCA /* RealTimeSearching */ = {
			isa = PBXGroup;
			children = (
				6D54E34A1E6558A600552EEE /* Models */,
				6D54E3471E650D4000552EEE /* HTTPClient.h */,
				6D54E3481E650D4000552EEE /* HTTPClient.m */,
				6D9E0F721E64231400064CCA /* AppDelegate.h */,
				6D9E0F731E64231400064CCA /* AppDelegate.m */,
				6D9E0F751E64231400064CCA /* ViewController.h */,
				6D9E0F761E64231400064CCA /* ViewController.m */,
				6D9E0F781E64231400064CCA /* Main.storyboard */,
				6D9E0F7B1E64231400064CCA /* Assets.xcassets */,
				6D9E0F7D1E64231400064CCA /* LaunchScreen.storyboard */,
				6D9E0F801E64231400064CCA /* Info.plist */,
				6D9E0F6F1E64231400064CCA /* Supporting Files */,
				6D54E3421E65092500552EEE /* UserInfoCell.h */,
				6D54E3431E65092500552EEE /* UserInfoCell.m */,
				6D54E3441E65092500552EEE /* UserInfoCell.xib */,
			);
			path = RealTimeSearching;
			sourceTree = "<group>";
		};
		6D9E0F6F1E64231400064CCA /* Supporting Files */ = {
			isa = PBXGroup;
			children = (
				6D9E0F701E64231400064CCA /* main.m */,
			);
			name = "Supporting Files";
			sourceTree = "<group>";
		};
		6D9E0F881E64231400064CCA /* RealTimeSearchingTests */ = {
			isa = PBXGroup;
			children = (
				6D9E0F891E64231400064CCA /* RealTimeSearchingTests.m */,
				6D9E0F8B1E64231400064CCA /* Info.plist */,
			);
			path = RealTimeSearchingTests;
			sourceTree = "<group>";
		};
		7FA0AD6500682002BB026306 /* Frameworks */ = {
			isa = PBXGroup;
			children = (
				F6B64AC24D4FC4F11DC2B9D0 /* Pods_RealTimeSearching.framework */,
				AAE269D15678F91B88F10C6D /* Pods_RealTimeSearchingTests.framework */,
			);
			name = Frameworks;
			sourceTree = "<group>";
		};
		C9CEE8E1A0419B45A0D909BD /* Pods */ = {
			isa = PBXGroup;
			children = (
				DFA88E295E764C229C488F75 /* Pods-RealTimeSearching.debug.xcconfig */,
				6B4506439022B9553F123F68 /* Pods-RealTimeSearching.release.xcconfig */,
				F299E2A001F5B42F0E9B2413 /* Pods-RealTimeSearchingTests.debug.xcconfig */,
				E317D110EF3D9C2C086BBA7D /* Pods-RealTimeSearchingTests.release.xcconfig */,
			);
			name = Pods;
			sourceTree = "<group>";
		};
/* End PBXGroup section */

/* Begin PBXNativeTarget section */
		6D9E0F6B1E64231400064CCA /* RealTimeSearching */ = {
			isa = PBXNativeTarget;
			buildConfigurationList = 6D9E0F8E1E64231400064CCA /* Build configuration list for PBXNativeTarget "RealTimeSearching" */;
			buildPhases = (
				F1532B70A035C9DFD978DD06 /* [CP] Check Pods Manifest.lock */,
				6D9E0F681E64231400064CCA /* Sources */,
				6D9E0F691E64231400064CCA /* Frameworks */,
				6D9E0F6A1E64231400064CCA /* Resources */,
				C350AC8657AB9DA565315994 /* [CP] Embed Pods Frameworks */,
				FFDC87C5983715EF1FF5E1CB /* [CP] Copy Pods Resources */,
			);
			buildRules = (
			);
			dependencies = (
			);
			name = RealTimeSearching;
			productName = RealTimeSearching;
			productReference = 6D9E0F6C1E64231400064CCA /* RealTimeSearching.app */;
			productType = "com.apple.product-type.application";
		};
		6D9E0F841E64231400064CCA /* RealTimeSearchingTests */ = {
			isa = PBXNativeTarget;
			buildConfigurationList = 6D9E0F911E64231400064CCA /* Build configuration list for PBXNativeTarget "RealTimeSearchingTests" */;
			buildPhases = (
				A729B52290D2F2CB98BDAB76 /* [CP] Check Pods Manifest.lock */,
				6D9E0F811E64231400064CCA /* Sources */,
				6D9E0F821E64231400064CCA /* Frameworks */,
				6D9E0F831E64231400064CCA /* Resources */,
				851B0E7BB148077077324044 /* [CP] Embed Pods Frameworks */,
				75F1A40A0DBECBA2035F6B49 /* [CP] Copy Pods Resources */,
			);
			buildRules = (
			);
			dependencies = (
				6D9E0F871E64231400064CCA /* PBXTargetDependency */,
			);
			name = RealTimeSearchingTests;
			productName = RealTimeSearchingTests;
			productReference = 6D9E0F851E64231400064CCA /* RealTimeSearchingTests.xctest */;
			productType = "com.apple.product-type.bundle.unit-test";
		};
/* End PBXNativeTarget section */

/* Begin PBXProject section */
		6D9E0F641E64231400064CCA /* Project object */ = {
			isa = PBXProject;
			attributes = {
				LastUpgradeCheck = 0820;
				ORGANIZATIONNAME = "김민아";
				TargetAttributes = {
					6D9E0F6B1E64231400064CCA = {
						CreatedOnToolsVersion = 8.2.1;
						DevelopmentTeam = A87J69XM38;
						ProvisioningStyle = Automatic;
					};
					6D9E0F841E64231400064CCA = {
						CreatedOnToolsVersion = 8.2.1;
						ProvisioningStyle = Automatic;
						TestTargetID = 6D9E0F6B1E64231400064CCA;
					};
				};
			};
			buildConfigurationList = 6D9E0F671E64231400064CCA /* Build configuration list for PBXProject "RealTimeSearching" */;
			compatibilityVersion = "Xcode 3.2";
			developmentRegion = English;
			hasScannedForEncodings = 0;
			knownRegions = (
				en,
				Base,
			);
			mainGroup = 6D9E0F631E64231400064CCA;
			productRefGroup = 6D9E0F6D1E64231400064CCA /* Products */;
			projectDirPath = "";
			projectRoot = "";
			targets = (
				6D9E0F6B1E64231400064CCA /* RealTimeSearching */,
				6D9E0F841E64231400064CCA /* RealTimeSearchingTests */,
			);
		};
/* End PBXProject section */

/* Begin PBXResourcesBuildPhase section */
		6D9E0F6A1E64231400064CCA /* Resources */ = {
			isa = PBXResourcesBuildPhase;
			buildActionMask = 2147483647;
			files = (
				6D54E3461E65092500552EEE /* UserInfoCell.xib in Resources */,
				6D9E0F7F1E64231400064CCA /* LaunchScreen.storyboard in Resources */,
				6D9E0F7C1E64231400064CCA /* Assets.xcassets in Resources */,
				6D9E0F7A1E64231400064CCA /* Main.storyboard in Resources */,
			);
			runOnlyForDeploymentPostprocessing = 0;
		};
		6D9E0F831E64231400064CCA /* Resources */ = {
			isa = PBXResourcesBuildPhase;
			buildActionMask = 2147483647;
			files = (
			);
			runOnlyForDeploymentPostprocessing = 0;
		};
/* End PBXResourcesBuildPhase section */

/* Begin PBXShellScriptBuildPhase section */
		75F1A40A0DBECBA2035F6B49 /* [CP] Copy Pods Resources */ = {
			isa = PBXShellScriptBuildPhase;
			buildActionMask = 2147483647;
			files = (
			);
			inputPaths = (
			);
			name = "[CP] Copy Pods Resources";
			outputPaths = (
			);
			runOnlyForDeploymentPostprocessing = 0;
			shellPath = /bin/sh;
			shellScript = "\"${SRCROOT}/Pods/Target Support Files/Pods-RealTimeSearchingTests/Pods-RealTimeSearchingTests-resources.sh\"\n";
			showEnvVarsInLog = 0;
		};
		851B0E7BB148077077324044 /* [CP] Embed Pods Frameworks */ = {
			isa = PBXShellScriptBuildPhase;
			buildActionMask = 2147483647;
			files = (
			);
			inputPaths = (
			);
			name = "[CP] Embed Pods Frameworks";
			outputPaths = (
			);
			runOnlyForDeploymentPostprocessing = 0;
			shellPath = /bin/sh;
			shellScript = "\"${SRCROOT}/Pods/Target Support Files/Pods-RealTimeSearchingTests/Pods-RealTimeSearchingTests-frameworks.sh\"\n";
			showEnvVarsInLog = 0;
		};
		A729B52290D2F2CB98BDAB76 /* [CP] Check Pods Manifest.lock */ = {
			isa = PBXShellScriptBuildPhase;
			buildActionMask = 2147483647;
			files = (
			);
			inputPaths = (
			);
			name = "[CP] Check Pods Manifest.lock";
			outputPaths = (
			);
			runOnlyForDeploymentPostprocessing = 0;
			shellPath = /bin/sh;
			shellScript = "diff \"${PODS_ROOT}/../Podfile.lock\" \"${PODS_ROOT}/Manifest.lock\" > /dev/null\nif [ $? != 0 ] ; then\n    # print error to STDERR\n    echo \"error: The sandbox is not in sync with the Podfile.lock. Run 'pod install' or update your CocoaPods installation.\" >&2\n    exit 1\nfi\n";
			showEnvVarsInLog = 0;
		};
		C350AC8657AB9DA565315994 /* [CP] Embed Pods Frameworks */ = {
			isa = PBXShellScriptBuildPhase;
			buildActionMask = 2147483647;
			files = (
			);
			inputPaths = (
			);
			name = "[CP] Embed Pods Frameworks";
			outputPaths = (
			);
			runOnlyForDeploymentPostprocessing = 0;
			shellPath = /bin/sh;
			shellScript = "\"${SRCROOT}/Pods/Target Support Files/Pods-RealTimeSearching/Pods-RealTimeSearching-frameworks.sh\"\n";
			showEnvVarsInLog = 0;
		};
		F1532B70A035C9DFD978DD06 /* [CP] Check Pods Manifest.lock */ = {
			isa = PBXShellScriptBuildPhase;
			buildActionMask = 2147483647;
			files = (
			);
			inputPaths = (
			);
			name = "[CP] Check Pods Manifest.lock";
			outputPaths = (
			);
			runOnlyForDeploymentPostprocessing = 0;
			shellPath = /bin/sh;
			shellScript = "diff \"${PODS_ROOT}/../Podfile.lock\" \"${PODS_ROOT}/Manifest.lock\" > /dev/null\nif [ $? != 0 ] ; then\n    # print error to STDERR\n    echo \"error: The sandbox is not in sync with the Podfile.lock. Run 'pod install' or update your CocoaPods installation.\" >&2\n    exit 1\nfi\n";
			showEnvVarsInLog = 0;
		};
		FFDC87C5983715EF1FF5E1CB /* [CP] Copy Pods Resources */ = {
			isa = PBXShellScriptBuildPhase;
			buildActionMask = 2147483647;
			files = (
			);
			inputPaths = (
			);
			name = "[CP] Copy Pods Resources";
			outputPaths = (
			);
			runOnlyForDeploymentPostprocessing = 0;
			shellPath = /bin/sh;
			shellScript = "\"${SRCROOT}/Pods/Target Support Files/Pods-RealTimeSearching/Pods-RealTimeSearching-resources.sh\"\n";
			showEnvVarsInLog = 0;
		};
/* End PBXShellScriptBuildPhase section */

/* Begin PBXSourcesBuildPhase section */
		6D9E0F681E64231400064CCA /* Sources */ = {
			isa = PBXSourcesBuildPhase;
			buildActionMask = 2147483647;
			files = (
				6D54E3451E65092500552EEE /* UserInfoCell.m in Sources */,
				6D9E0F771E64231400064CCA /* ViewController.m in Sources */,
				6D9E0F741E64231400064CCA /* AppDelegate.m in Sources */,
				6D54E35D1E6558C100552EEE /* UserSearch.m in Sources */,
				6D54E35B1E6558C100552EEE /* ResponseUser.m in Sources */,
				6D54E35A1E6558C100552EEE /* DataList.m in Sources */,
				6D54E3581E6558C100552EEE /* ArtWorkThumb.m in Sources */,
				6D54E3591E6558C100552EEE /* Data.m in Sources */,
				6D54E3491E650D4000552EEE /* HTTPClient.m in Sources */,
				6D9E0F711E64231400064CCA /* main.m in Sources */,
				6D54E35C1E6558C100552EEE /* UserCountSummary.m in Sources */,
			);
			runOnlyForDeploymentPostprocessing = 0;
		};
		6D9E0F811E64231400064CCA /* Sources */ = {
			isa = PBXSourcesBuildPhase;
			buildActionMask = 2147483647;
			files = (
				6D9E0F8A1E64231400064CCA /* RealTimeSearchingTests.m in Sources */,
			);
			runOnlyForDeploymentPostprocessing = 0;
		};
/* End PBXSourcesBuildPhase section */

/* Begin PBXTargetDependency section */
		6D9E0F871E64231400064CCA /* PBXTargetDependency */ = {
			isa = PBXTargetDependency;
			target = 6D9E0F6B1E64231400064CCA /* RealTimeSearching */;
			targetProxy = 6D9E0F861E64231400064CCA /* PBXContainerItemProxy */;
		};
/* End PBXTargetDependency section */

/* Begin PBXVariantGroup section */
		6D9E0F781E64231400064CCA /* Main.storyboard */ = {
			isa = PBXVariantGroup;
			children = (
				6D9E0F791E64231400064CCA /* Base */,
			);
			name = Main.storyboard;
			sourceTree = "<group>";
		};
		6D9E0F7D1E64231400064CCA /* LaunchScreen.storyboard */ = {
			isa = PBXVariantGroup;
			children = (
				6D9E0F7E1E64231400064CCA /* Base */,
			);
			name = LaunchScreen.storyboard;
			sourceTree = "<group>";
		};
/* End PBXVariantGroup section */

/* Begin XCBuildConfiguration section */
		6D9E0F8C1E64231400064CCA /* Debug */ = {
			isa = XCBuildConfiguration;
			buildSettings = {
				ALWAYS_SEARCH_USER_PATHS = NO;
				CLANG_ANALYZER_NONNULL = YES;
				CLANG_CXX_LANGUAGE_STANDARD = "gnu++0x";
				CLANG_CXX_LIBRARY = "libc++";
				CLANG_ENABLE_MODULES = YES;
				CLANG_ENABLE_OBJC_ARC = YES;
				CLANG_WARN_BOOL_CONVERSION = YES;
				CLANG_WARN_CONSTANT_CONVERSION = YES;
				CLANG_WARN_DIRECT_OBJC_ISA_USAGE = YES_ERROR;
				CLANG_WARN_DOCUMENTATION_COMMENTS = YES;
				CLANG_WARN_EMPTY_BODY = YES;
				CLANG_WARN_ENUM_CONVERSION = YES;
				CLANG_WARN_INFINITE_RECURSION = YES;
				CLANG_WARN_INT_CONVERSION = YES;
				CLANG_WARN_OBJC_ROOT_CLASS = YES_ERROR;
				CLANG_WARN_SUSPICIOUS_MOVE = YES;
				CLANG_WARN_UNREACHABLE_CODE = YES;
				CLANG_WARN__DUPLICATE_METHOD_MATCH = YES;
				"CODE_SIGN_IDENTITY[sdk=iphoneos*]" = "iPhone Developer";
				COPY_PHASE_STRIP = NO;
				DEBUG_INFORMATION_FORMAT = dwarf;
				ENABLE_STRICT_OBJC_MSGSEND = YES;
				ENABLE_TESTABILITY = YES;
				GCC_C_LANGUAGE_STANDARD = gnu99;
				GCC_DYNAMIC_NO_PIC = NO;
				GCC_NO_COMMON_BLOCKS = YES;
				GCC_OPTIMIZATION_LEVEL = 0;
				GCC_PREPROCESSOR_DEFINITIONS = (
					"DEBUG=1",
					"$(inherited)",
				);
				GCC_WARN_64_TO_32_BIT_CONVERSION = YES;
				GCC_WARN_ABOUT_RETURN_TYPE = YES_ERROR;
				GCC_WARN_UNDECLARED_SELECTOR = YES;
				GCC_WARN_UNINITIALIZED_AUTOS = YES_AGGRESSIVE;
				GCC_WARN_UNUSED_FUNCTION = YES;
				GCC_WARN_UNUSED_VARIABLE = YES;
				IPHONEOS_DEPLOYMENT_TARGET = 10.2;
				MTL_ENABLE_DEBUG_INFO = YES;
				ONLY_ACTIVE_ARCH = YES;
				SDKROOT = iphoneos;
			};
			name = Debug;
		};
		6D9E0F8D1E64231400064CCA /* Release */ = {
			isa = XCBuildConfiguration;
			buildSettings = {
				ALWAYS_SEARCH_USER_PATHS = NO;
				CLANG_ANALYZER_NONNULL = YES;
				CLANG_CXX_LANGUAGE_STANDARD = "gnu++0x";
				CLANG_CXX_LIBRARY = "libc++";
				CLANG_ENABLE_MODULES = YES;
				CLANG_ENABLE_OBJC_ARC = YES;
				CLANG_WARN_BOOL_CONVERSION = YES;
				CLANG_WARN_CONSTANT_CONVERSION = YES;
				CLANG_WARN_DIRECT_OBJC_ISA_USAGE = YES_ERROR;
				CLANG_WARN_DOCUMENTATION_COMMENTS = YES;
				CLANG_WARN_EMPTY_BODY = YES;
				CLANG_WARN_ENUM_CONVERSION = YES;
				CLANG_WARN_INFINITE_RECURSION = YES;
				CLANG_WARN_INT_CONVERSION = YES;
				CLANG_WARN_OBJC_ROOT_CLASS = YES_ERROR;
				CLANG_WARN_SUSPICIOUS_MOVE = YES;
				CLANG_WARN_UNREACHABLE_CODE = YES;
				CLANG_WARN__DUPLICATE_METHOD_MATCH = YES;
				"CODE_SIGN_IDENTITY[sdk=iphoneos*]" = "iPhone Developer";
				COPY_PHASE_STRIP = NO;
				DEBUG_INFORMATION_FORMAT = "dwarf-with-dsym";
				ENABLE_NS_ASSERTIONS = NO;
				ENABLE_STRICT_OBJC_MSGSEND = YES;
				GCC_C_LANGUAGE_STANDARD = gnu99;
				GCC_NO_COMMON_BLOCKS = YES;
				GCC_WARN_64_TO_32_BIT_CONVERSION = YES;
				GCC_WARN_ABOUT_RETURN_TYPE = YES_ERROR;
				GCC_WARN_UNDECLARED_SELECTOR = YES;
				GCC_WARN_UNINITIALIZED_AUTOS = YES_AGGRESSIVE;
				GCC_WARN_UNUSED_FUNCTION = YES;
				GCC_WARN_UNUSED_VARIABLE = YES;
				IPHONEOS_DEPLOYMENT_TARGET = 10.2;
				MTL_ENABLE_DEBUG_INFO = NO;
				SDKROOT = iphoneos;
				VALIDATE_PRODUCT = YES;
			};
			name = Release;
		};
		6D9E0F8F1E64231400064CCA /* Debug */ = {
			isa = XCBuildConfiguration;
			baseConfigurationReference = DFA88E295E764C229C488F75 /* Pods-RealTimeSearching.debug.xcconfig */;
			buildSettings = {
				ASSETCATALOG_COMPILER_APPICON_NAME = AppIcon;
				DEVELOPMENT_TEAM = A87J69XM38;
				INFOPLIST_FILE = RealTimeSearching/Info.plist;
				IPHONEOS_DEPLOYMENT_TARGET = 8.0;
				LD_RUNPATH_SEARCH_PATHS = "$(inherited) @executable_path/Frameworks";
				PRODUCT_BUNDLE_IDENTIFIER = com.smict.RealTimeSearching;
				PRODUCT_NAME = "$(TARGET_NAME)";
			};
			name = Debug;
		};
		6D9E0F901E64231400064CCA /* Release */ = {
			isa = XCBuildConfiguration;
			baseConfigurationReference = 6B4506439022B9553F123F68 /* Pods-RealTimeSearching.release.xcconfig */;
			buildSettings = {
				ASSETCATALOG_COMPILER_APPICON_NAME = AppIcon;
				DEVELOPMENT_TEAM = A87J69XM38;
				INFOPLIST_FILE = RealTimeSearching/Info.plist;
				IPHONEOS_DEPLOYMENT_TARGET = 8.0;
				LD_RUNPATH_SEARCH_PATHS = "$(inherited) @executable_path/Frameworks";
				PRODUCT_BUNDLE_IDENTIFIER = com.smict.RealTimeSearching;
				PRODUCT_NAME = "$(TARGET_NAME)";
			};
			name = Release;
		};
		6D9E0F921E64231400064CCA /* Debug */ = {
			isa = XCBuildConfiguration;
			baseConfigurationReference = F299E2A001F5B42F0E9B2413 /* Pods-RealTimeSearchingTests.debug.xcconfig */;
			buildSettings = {
				BUNDLE_LOADER = "$(TEST_HOST)";
				INFOPLIST_FILE = RealTimeSearchingTests/Info.plist;
				LD_RUNPATH_SEARCH_PATHS = "$(inherited) @executable_path/Frameworks @loader_path/Frameworks";
				PRODUCT_BUNDLE_IDENTIFIER = com.smict.RealTimeSearchingTests;
				PRODUCT_NAME = "$(TARGET_NAME)";
				TEST_HOST = "$(BUILT_PRODUCTS_DIR)/RealTimeSearching.app/RealTimeSearching";
			};
			name = Debug;
		};
		6D9E0F931E64231400064CCA /* Release */ = {
			isa = XCBuildConfiguration;
			baseConfigurationReference = E317D110EF3D9C2C086BBA7D /* Pods-RealTimeSearchingTests.release.xcconfig */;
			buildSettings = {
				BUNDLE_LOADER = "$(TEST_HOST)";
				INFOPLIST_FILE = RealTimeSearchingTests/Info.plist;
				LD_RUNPATH_SEARCH_PATHS = "$(inherited) @executable_path/Frameworks @loader_path/Frameworks";
				PRODUCT_BUNDLE_IDENTIFIER = com.smict.RealTimeSearchingTests;
				PRODUCT_NAME = "$(TARGET_NAME)";
				TEST_HOST = "$(BUILT_PRODUCTS_DIR)/RealTimeSearching.app/RealTimeSearching";
			};
			name = Release;
		};
/* End XCBuildConfiguration section */

/* Begin XCConfigurationList section */
		6D9E0F671E64231400064CCA /* Build configuration list for PBXProject "RealTimeSearching" */ = {
			isa = XCConfigurationList;
			buildConfigurations = (
				6D9E0F8C1E64231400064CCA /* Debug */,
				6D9E0F8D1E64231400064CCA /* Release */,
			);
			defaultConfigurationIsVisible = 0;
			defaultConfigurationName = Release;
		};
		6D9E0F8E1E64231400064CCA /* Build configuration list for PBXNativeTarget "RealTimeSearching" */ = {
			isa = XCConfigurationList;
			buildConfigurations = (
				6D9E0F8F1E64231400064CCA /* Debug */,
				6D9E0F901E64231400064CCA /* Release */,
			);
			defaultConfigurationIsVisible = 0;
			defaultConfigurationName = Release;
		};
		6D9E0F911E64231400064CCA /* Build configuration list for PBXNativeTarget "RealTimeSearchingTests" */ = {
			isa = XCConfigurationList;
			buildConfigurations = (
				6D9E0F921E64231400064CCA /* Debug */,
				6D9E0F931E64231400064CCA /* Release */,
			);
			defaultConfigurationIsVisible = 0;
			defaultConfigurationName = Release;
		};
/* End XCConfigurationList section */
	};
	rootObject = 6D9E0F641E64231400064CCA /* Project object */;
}
